// !$*UTF8*$!
{
	archiveVersion = 1;
	classes = {
	};
	objectVersion = 46;
	objects = {

/* Begin PBXBuildFile section */
		7EF36FB716F29701002A3CB3 /* Cocoa.framework in Frameworks */ = {isa = PBXBuildFile; fileRef = 7EF36FB616F29701002A3CB3 /* Cocoa.framework */; };
		C56CEC781F6B155300304EE3 /* Smart_Utils.cpp in Sources */ = {isa = PBXBuildFile; fileRef = C56CEC761F6B155300304EE3 /* Smart_Utils.cpp */; };
		C56CEC7B1F6B1DAB00304EE3 /* AEFX_SuiteHelper.c in Sources */ = {isa = PBXBuildFile; fileRef = C56CEC791F6B1DAB00304EE3 /* AEFX_SuiteHelper.c */; };
		C5CB674D213F16E3000CD1A3 /* FftComplex.cpp in Sources */ = {isa = PBXBuildFile; fileRef = C5CB674A213F16E3000CD1A3 /* FftComplex.cpp */; };
		C5CB674E213F16E3000CD1A3 /* rmFourierFunctions.cpp in Sources */ = {isa = PBXBuildFile; fileRef = C5CB674C213F16E3000CD1A3 /* rmFourierFunctions.cpp */; };
		D0FE57600993C4E900139A60 /* rmFourier.cpp in Sources */ = {isa = PBXBuildFile; fileRef = D0FE575C0993C4E900139A60 /* rmFourier.cpp */; };
		D0FE57610993C4E900139A60 /* SkeletonPiPL.r in Rez */ = {isa = PBXBuildFile; fileRef = D0FE575E0993C4E900139A60 /* SkeletonPiPL.r */; };
		D0FE579D0993C5E500139A60 /* AEGP_SuiteHandler.cpp in Sources */ = {isa = PBXBuildFile; fileRef = D0FE579A0993C5E500139A60 /* AEGP_SuiteHandler.cpp */; };
		D0FE579E0993C5E500139A60 /* MissingSuiteError.cpp in Sources */ = {isa = PBXBuildFile; fileRef = D0FE579C0993C5E500139A60 /* MissingSuiteError.cpp */; };
/* End PBXBuildFile section */

/* Begin PBXFileReference section */
		7EF36FB616F29701002A3CB3 /* Cocoa.framework */ = {isa = PBXFileReference; lastKnownFileType = wrapper.framework; name = Cocoa.framework; path = System/Library/Frameworks/Cocoa.framework; sourceTree = SDKROOT; };
		7EF36FB816F29807002A3CB3 /* rmFourier.h */ = {isa = PBXFileReference; fileEncoding = 4; lastKnownFileType = sourcecode.c.h; name = rmFourier.h; path = ../rmFourier.h; sourceTree = "<group>"; };
		C4E618CC095A3CE80012CA3F /* rmFourier.plugin */ = {isa = PBXFileReference; explicitFileType = wrapper.cfbundle; includeInIndex = 0; path = rmFourier.plugin; sourceTree = BUILT_PRODUCTS_DIR; };
		C56CEC761F6B155300304EE3 /* Smart_Utils.cpp */ = {isa = PBXFileReference; fileEncoding = 4; lastKnownFileType = sourcecode.cpp.cpp; path = Smart_Utils.cpp; sourceTree = "<group>"; };
		C56CEC771F6B155300304EE3 /* Smart_Utils.h */ = {isa = PBXFileReference; fileEncoding = 4; lastKnownFileType = sourcecode.c.h; path = Smart_Utils.h; sourceTree = "<group>"; };
		C56CEC791F6B1DAB00304EE3 /* AEFX_SuiteHelper.c */ = {isa = PBXFileReference; fileEncoding = 4; lastKnownFileType = sourcecode.c.c; path = AEFX_SuiteHelper.c; sourceTree = "<group>"; };
		C56CEC7A1F6B1DAB00304EE3 /* AEFX_SuiteHelper.h */ = {isa = PBXFileReference; fileEncoding = 4; lastKnownFileType = sourcecode.c.h; path = AEFX_SuiteHelper.h; sourceTree = "<group>"; };
		C5CB674A213F16E3000CD1A3 /* FftComplex.cpp */ = {isa = PBXFileReference; fileEncoding = 4; lastKnownFileType = sourcecode.cpp.cpp; name = FftComplex.cpp; path = ../FftComplex.cpp; sourceTree = "<group>"; };
		C5CB674B213F16E3000CD1A3 /* FftComplex.hpp */ = {isa = PBXFileReference; fileEncoding = 4; lastKnownFileType = sourcecode.cpp.h; name = FftComplex.hpp; path = ../FftComplex.hpp; sourceTree = "<group>"; };
		C5CB674C213F16E3000CD1A3 /* rmFourierFunctions.cpp */ = {isa = PBXFileReference; fileEncoding = 4; lastKnownFileType = sourcecode.cpp.cpp; name = rmFourierFunctions.cpp; path = ../rmFourierFunctions.cpp; sourceTree = "<group>"; };
		D0FE575C0993C4E900139A60 /* rmFourier.cpp */ = {isa = PBXFileReference; fileEncoding = 30; lastKnownFileType = sourcecode.cpp.cpp; name = rmFourier.cpp; path = ../rmFourier.cpp; sourceTree = SOURCE_ROOT; };
		D0FE575E0993C4E900139A60 /* SkeletonPiPL.r */ = {isa = PBXFileReference; fileEncoding = 30; lastKnownFileType = sourcecode.rez; name = SkeletonPiPL.r; path = ../SkeletonPiPL.r; sourceTree = SOURCE_ROOT; };
		D0FE579A0993C5E500139A60 /* AEGP_SuiteHandler.cpp */ = {isa = PBXFileReference; fileEncoding = 30; lastKnownFileType = sourcecode.cpp.cpp; path = AEGP_SuiteHandler.cpp; sourceTree = "<group>"; };
		D0FE579B0993C5E500139A60 /* AEGP_SuiteHandler.h */ = {isa = PBXFileReference; fileEncoding = 30; lastKnownFileType = sourcecode.c.h; path = AEGP_SuiteHandler.h; sourceTree = "<group>"; };
		D0FE579C0993C5E500139A60 /* MissingSuiteError.cpp */ = {isa = PBXFileReference; fileEncoding = 30; lastKnownFileType = sourcecode.cpp.cpp; path = MissingSuiteError.cpp; sourceTree = "<group>"; };
/* End PBXFileReference section */

/* Begin PBXFrameworksBuildPhase section */
		C4E618CA095A3CE80012CA3F /* Frameworks */ = {
			isa = PBXFrameworksBuildPhase;
			buildActionMask = 2147483647;
			files = (
				7EF36FB716F29701002A3CB3 /* Cocoa.framework in Frameworks */,
			);
			runOnlyForDeploymentPostprocessing = 0;
		};
/* End PBXFrameworksBuildPhase section */

/* Begin PBXGroup section */
		C4E6187C095A3C800012CA3F = {
			isa = PBXGroup;
			children = (
				C5CB674A213F16E3000CD1A3 /* FftComplex.cpp */,
				C5CB674B213F16E3000CD1A3 /* FftComplex.hpp */,
				C5CB674C213F16E3000CD1A3 /* rmFourierFunctions.cpp */,
				D0FE575C0993C4E900139A60 /* rmFourier.cpp */,
				7EF36FB816F29807002A3CB3 /* rmFourier.h */,
				D0FE575E0993C4E900139A60 /* SkeletonPiPL.r */,
				D0FE57630993C4FD00139A60 /* Supporting Code */,
				7EF36FB616F29701002A3CB3 /* Cocoa.framework */,
				C4E6188C095A3C800012CA3F /* Products */,
			);
			sourceTree = "<group>";
		};
		C4E6188C095A3C800012CA3F /* Products */ = {
			isa = PBXGroup;
			children = (
				C4E618CC095A3CE80012CA3F /* rmFourier.plugin */,
			);
			name = Products;
			sourceTree = "<group>";
		};
		C56CEC741F6204AC00304EE3 /* Util */ = {
			isa = PBXGroup;
			children = (
				C56CEC791F6B1DAB00304EE3 /* AEFX_SuiteHelper.c */,
				C56CEC7A1F6B1DAB00304EE3 /* AEFX_SuiteHelper.h */,
				C56CEC761F6B155300304EE3 /* Smart_Utils.cpp */,
				C56CEC771F6B155300304EE3 /* Smart_Utils.h */,
				D0FE579A0993C5E500139A60 /* AEGP_SuiteHandler.cpp */,
				D0FE579B0993C5E500139A60 /* AEGP_SuiteHandler.h */,
				D0FE579C0993C5E500139A60 /* MissingSuiteError.cpp */,
			);
			name = Util;
			path = ../../Examples/Util;
			sourceTree = "<group>";
		};
		C56CEC751F6204B400304EE3 /* Headers */ = {
			isa = PBXGroup;
			children = (
			);
			name = Headers;
			path = ../../Examples/Headers;
			sourceTree = "<group>";
		};
		D0FE57630993C4FD00139A60 /* Supporting Code */ = {
			isa = PBXGroup;
			children = (
				C56CEC751F6204B400304EE3 /* Headers */,
				C56CEC741F6204AC00304EE3 /* Util */,
			);
			name = "Supporting Code";
			sourceTree = "<group>";
		};
/* End PBXGroup section */

/* Begin PBXNativeTarget section */
		C4E618CB095A3CE80012CA3F /* rmFourier */ = {
			isa = PBXNativeTarget;
			buildConfigurationList = C4E618CE095A3CE90012CA3F /* Build configuration list for PBXNativeTarget "rmFourier" */;
			buildPhases = (
				C4E618C8095A3CE80012CA3F /* Resources */,
				C4E618C9095A3CE80012CA3F /* Sources */,
				C4E618CA095A3CE80012CA3F /* Frameworks */,
				C4E618EA095A3E040012CA3F /* Rez */,
			);
			buildRules = (
			);
			dependencies = (
			);
			name = rmFourier;
			productName = Skeleton.plugin;
			productReference = C4E618CC095A3CE80012CA3F /* rmFourier.plugin */;
			productType = "com.apple.product-type.bundle";
		};
/* End PBXNativeTarget section */

/* Begin PBXProject section */
		C4E6187E095A3C800012CA3F /* Project object */ = {
			isa = PBXProject;
			attributes = {
				LastUpgradeCheck = 0720;
			};
			buildConfigurationList = C4E6187F095A3C800012CA3F /* Build configuration list for PBXProject "rmFourier" */;
			compatibilityVersion = "Xcode 3.2";
			developmentRegion = English;
			hasScannedForEncodings = 0;
			knownRegions = (
				en,
			);
			mainGroup = C4E6187C095A3C800012CA3F;
			productRefGroup = C4E6188C095A3C800012CA3F /* Products */;
			projectDirPath = "";
			projectRoot = "";
			targets = (
				C4E618CB095A3CE80012CA3F /* rmFourier */,
			);
		};
/* End PBXProject section */

/* Begin PBXResourcesBuildPhase section */
		C4E618C8095A3CE80012CA3F /* Resources */ = {
			isa = PBXResourcesBuildPhase;
			buildActionMask = 2147483647;
			files = (
			);
			runOnlyForDeploymentPostprocessing = 0;
		};
/* End PBXResourcesBuildPhase section */

/* Begin PBXRezBuildPhase section */
		C4E618EA095A3E040012CA3F /* Rez */ = {
			isa = PBXRezBuildPhase;
			buildActionMask = 2147483647;
			files = (
				D0FE57610993C4E900139A60 /* SkeletonPiPL.r in Rez */,
			);
			runOnlyForDeploymentPostprocessing = 0;
		};
/* End PBXRezBuildPhase section */

/* Begin PBXSourcesBuildPhase section */
		C4E618C9095A3CE80012CA3F /* Sources */ = {
			isa = PBXSourcesBuildPhase;
			buildActionMask = 2147483647;
			files = (
				C5CB674E213F16E3000CD1A3 /* rmFourierFunctions.cpp in Sources */,
				D0FE57600993C4E900139A60 /* rmFourier.cpp in Sources */,
				C5CB674D213F16E3000CD1A3 /* FftComplex.cpp in Sources */,
				D0FE579D0993C5E500139A60 /* AEGP_SuiteHandler.cpp in Sources */,
				C56CEC781F6B155300304EE3 /* Smart_Utils.cpp in Sources */,
				C56CEC7B1F6B1DAB00304EE3 /* AEFX_SuiteHelper.c in Sources */,
				D0FE579E0993C5E500139A60 /* MissingSuiteError.cpp in Sources */,
			);
			runOnlyForDeploymentPostprocessing = 0;
		};
/* End PBXSourcesBuildPhase section */

/* Begin XCBuildConfiguration section */
		C4E61880095A3C800012CA3F /* Debug */ = {
			isa = XCBuildConfiguration;
			buildSettings = {
				COPY_PHASE_STRIP = NO;
				ENABLE_TESTABILITY = YES;
				GCC_INPUT_FILETYPE = sourcecode.cpp.objcpp;
				GCC_MODEL_TUNING = "";
				GCC_OPTIMIZATION_LEVEL = 0;
				GCC_PREFIX_HEADER = "$(SYSTEM_LIBRARY_DIR)/Frameworks/Cocoa.framework/Headers/Cocoa.h";
				GCC_PREPROCESSOR_DEFINITIONS = "DEBUG=1";
				GCC_REUSE_STRINGS = NO;
				GCC_SYMBOLS_PRIVATE_EXTERN = YES;
				GCC_THREADSAFE_STATICS = NO;
				GCC_WARN_ABOUT_MISSING_PROTOTYPES = YES;
				GCC_WARN_ABOUT_RETURN_TYPE = YES;
				GCC_WARN_CHECK_SWITCH_STATEMENTS = YES;
				GCC_WARN_EFFECTIVE_CPLUSPLUS_VIOLATIONS = NO;
				GCC_WARN_MISSING_PARENTHESES = YES;
				GCC_WARN_SHADOW = NO;
				GCC_WARN_UNKNOWN_PRAGMAS = YES;
				GCC_WARN_UNUSED_FUNCTION = YES;
				GCC_WARN_UNUSED_LABEL = YES;
				GCC_WARN_UNUSED_VARIABLE = YES;
				HEADER_SEARCH_PATHS = (
					"${AE_SDK_BASE_PATH}Headers",
					"${AE_SDK_BASE_PATH}Util",
					"${AE_SDK_BASE_PATH}Headers/SP",
					"${AE_SDK_BASE_PATH}Resources",
				);
				New_Setting = "";
				ONLY_ACTIVE_ARCH = YES;
				PRODUCT_NAME = "";
				REZ_PREPROCESSOR_DEFINITIONS = __MACH__;
				SDKROOT = macosx;
				STRIP_INSTALLED_PRODUCT = NO;
				WRAPPER_EXTENSION = plugin;
			};
			name = Debug;
		};
		C4E618CF095A3CE90012CA3F /* Debug */ = {
			isa = XCBuildConfiguration;
			buildSettings = {
				COMBINE_HIDPI_IMAGES = YES;
				GCC_MODEL_TUNING = G5;
				GENERATE_PKGINFO_FILE = YES;
				INFOPLIST_FILE = "Skeleton.plugin-Info.plist";
				INSTALL_PATH = "$(HOME)/Library/Bundles";
				PRODUCT_BUNDLE_IDENTIFIER = com.adobe.AfterEffects.Skeleton;
				PRODUCT_NAME = rmFourier;
				SDKROOT = macosx;
				ZERO_LINK = NO;
			};
			name = Debug;
		};
		C56CEC721F61FE1300304EE3 /* Release */ = {
			isa = XCBuildConfiguration;
			buildSettings = {
				COPY_PHASE_STRIP = YES;
				DEBUG_INFORMATION_FORMAT = "dwarf-with-dsym";
				ENABLE_TESTABILITY = YES;
				GCC_INPUT_FILETYPE = sourcecode.cpp.objcpp;
				GCC_MODEL_TUNING = "";
				GCC_OPTIMIZATION_LEVEL = s;
				GCC_PREFIX_HEADER = "$(SYSTEM_LIBRARY_DIR)/Frameworks/Cocoa.framework/Headers/Cocoa.h";
				GCC_REUSE_STRINGS = NO;
				GCC_SYMBOLS_PRIVATE_EXTERN = YES;
				GCC_THREADSAFE_STATICS = NO;
				GCC_WARN_ABOUT_MISSING_PROTOTYPES = YES;
				GCC_WARN_ABOUT_RETURN_TYPE = YES;
				GCC_WARN_CHECK_SWITCH_STATEMENTS = YES;
				GCC_WARN_EFFECTIVE_CPLUSPLUS_VIOLATIONS = NO;
				GCC_WARN_MISSING_PARENTHESES = YES;
				GCC_WARN_SHADOW = NO;
				GCC_WARN_UNKNOWN_PRAGMAS = YES;
				GCC_WARN_UNUSED_FUNCTION = YES;
				GCC_WARN_UNUSED_LABEL = YES;
				GCC_WARN_UNUSED_VARIABLE = YES;
				HEADER_SEARCH_PATHS = (
					"${AE_SDK_BASE_PATH}Headers",
					"${AE_SDK_BASE_PATH}Util",
					"${AE_SDK_BASE_PATH}Headers/SP",
					"${AE_SDK_BASE_PATH}Resources",
				);
				New_Setting = "";
				"New_Setting[arch=*]" = PRODUCT_NAME;
				ONLY_ACTIVE_ARCH = YES;
				PRODUCT_NAME = "";
				REZ_PREPROCESSOR_DEFINITIONS = __MACH__;
				SDKROOT = macosx;
				STRIP_INSTALLED_PRODUCT = YES;
				WRAPPER_EXTENSION = plugin;
			};
			name = Release;
		};
		C56CEC731F61FE1300304EE3 /* Release */ = {
			isa = XCBuildConfiguration;
			buildSettings = {
				COMBINE_HIDPI_IMAGES = YES;
				GCC_MODEL_TUNING = G5;
				GENERATE_PKGINFO_FILE = YES;
				INFOPLIST_FILE = "Skeleton.plugin-Info.plist";
				INSTALL_PATH = "$(HOME)/Library/Bundles";
				PRODUCT_BUNDLE_IDENTIFIER = com.adobe.AfterEffects.Skeleton;
				PRODUCT_NAME = rmFourier;
				SDKROOT = macosx;
				ZERO_LINK = NO;
			};
			name = Release;
		};
/* End XCBuildConfiguration section */

/* Begin XCConfigurationList section */
		C4E6187F095A3C800012CA3F /* Build configuration list for PBXProject "rmFourier" */ = {
			isa = XCConfigurationList;
			buildConfigurations = (
				C4E61880095A3C800012CA3F /* Debug */,
				C56CEC721F61FE1300304EE3 /* Release */,
			);
			defaultConfigurationIsVisible = 1;
			defaultConfigurationName = Debug;
		};
		C4E618CE095A3CE90012CA3F /* Build configuration list for PBXNativeTarget "rmFourier" */ = {
			isa = XCConfigurationList;
			buildConfigurations = (
				C4E618CF095A3CE90012CA3F /* Debug */,
				C56CEC731F61FE1300304EE3 /* Release */,
			);
			defaultConfigurationIsVisible = 0;
			defaultConfigurationName = Debug;
		};
/* End XCConfigurationList section */
	};
	rootObject = C4E6187E095A3C800012CA3F /* Project object */;
}
